{
  "name": "csgo",
  "version": "0.1.2",
  "from": "csgo@",
  "dependencies": {
    "bignumber.js": {
      "version": "2.0.7",
      "from": "bignumber.js@>=2.0.7 <3.0.0",
      "resolved": "https://registry.npmjs.org/bignumber.js/-/bignumber.js-2.0.7.tgz"
    },
    "deferred": {
      "version": "0.7.2",
      "from": "deferred@*",
      "resolved": "https://registry.npmjs.org/deferred/-/deferred-0.7.2.tgz",
      "dependencies": {
        "es5-ext": {
          "version": "0.10.7",
          "from": "es5-ext@>=0.10.4 <0.11.0",
          "resolved": "https://registry.npmjs.org/es5-ext/-/es5-ext-0.10.7.tgz",
          "dependencies": {
            "es6-iterator": {
              "version": "0.1.3",
              "from": "es6-iterator@>=0.1.3 <0.2.0",
              "resolved": "https://registry.npmjs.org/es6-iterator/-/es6-iterator-0.1.3.tgz"
            },
            "es6-symbol": {
              "version": "2.0.1",
              "from": "es6-symbol@>=2.0.1 <2.1.0",
              "resolved": "https://registry.npmjs.org/es6-symbol/-/es6-symbol-2.0.1.tgz"
            }
          }
        },
        "event-emitter": {
          "version": "0.3.3",
          "from": "event-emitter@>=0.3.1 <0.4.0",
          "resolved": "https://registry.npmjs.org/event-emitter/-/event-emitter-0.3.3.tgz"
        },
        "d": {
          "version": "0.1.1",
          "from": "d@>=0.1.1 <0.2.0",
          "resolved": "https://registry.npmjs.org/d/-/d-0.1.1.tgz"
        },
        "next-tick": {
          "version": "0.2.2",
          "from": "next-tick@>=0.2.2 <0.3.0",
          "resolved": "https://registry.npmjs.org/next-tick/-/next-tick-0.2.2.tgz"
        }
      }
    },
    "protobufjs": {
      "version": "4.0.0",
      "from": "protobufjs@*",
      "resolved": "https://registry.npmjs.org/protobufjs/-/protobufjs-4.0.0.tgz",
      "dependencies": {
        "ascli": {
          "version": "1.0.0",
          "from": "ascli@>=1.0.0 <2.0.0",
          "resolved": "https://registry.npmjs.org/ascli/-/ascli-1.0.0.tgz",
          "dependencies": {
            "colour": {
              "version": "0.7.1",
              "from": "colour@latest",
              "resolved": "https://registry.npmjs.org/colour/-/colour-0.7.1.tgz"
            },
            "optjs": {
              "version": "3.2.1-boom",
              "from": "optjs@latest",
              "resolved": "https://registry.npmjs.org/optjs/-/optjs-3.2.1-boom.tgz"
            }
          }
        },
        "bytebuffer": {
          "version": "4.0.0",
          "from": "bytebuffer@>=4.0.0 <5.0.0",
          "resolved": "https://registry.npmjs.org/bytebuffer/-/bytebuffer-4.0.0.tgz",
          "dependencies": {
            "long": {
              "version": "2.2.5",
              "from": "long@>=2.0.0 <3.0.0 >=2.2.3",
              "resolved": "https://registry.npmjs.org/long/-/long-2.2.5.tgz"
            },
            "bufferview": {
              "version": "1.0.1",
              "from": "bufferview@>=1.0.0 <2.0.0",
              "resolved": "https://registry.npmjs.org/bufferview/-/bufferview-1.0.1.tgz"
            }
          }
        },
        "glob": {
          "version": "5.0.14",
          "from": "glob@>=5.0.10 <6.0.0",
          "resolved": "https://registry.npmjs.org/glob/-/glob-5.0.14.tgz",
          "dependencies": {
            "inflight": {
              "version": "1.0.4",
              "from": "inflight@>=1.0.4 <2.0.0",
              "resolved": "https://registry.npmjs.org/inflight/-/inflight-1.0.4.tgz",
              "dependencies": {
                "wrappy": {
                  "version": "1.0.1",
                  "from": "wrappy@>=1.0.0 <2.0.0",
                  "resolved": "https://registry.npmjs.org/wrappy/-/wrappy-1.0.1.tgz"
                }
              }
            },
            "inherits": {
              "version": "2.0.1",
              "from": "inherits@>=2.0.0 <3.0.0",
              "resolved": "https://registry.npmjs.org/inherits/-/inherits-2.0.1.tgz"
            },
            "minimatch": {
              "version": "2.0.10",
              "from": "minimatch@>=2.0.1 <3.0.0",
              "resolved": "https://registry.npmjs.org/minimatch/-/minimatch-2.0.10.tgz",
              "dependencies": {
                "brace-expansion": {
                  "version": "1.1.0",
                  "from": "brace-expansion@>=1.0.0 <2.0.0",
                  "resolved": "https://registry.npmjs.org/brace-expansion/-/brace-expansion-1.1.0.tgz",
                  "dependencies": {
                    "balanced-match": {
                      "version": "0.2.0",
                      "from": "balanced-match@>=0.2.0 <0.3.0",
                      "resolved": "https://registry.npmjs.org/balanced-match/-/balanced-match-0.2.0.tgz"
                    },
                    "concat-map": {
                      "version": "0.0.1",
                      "from": "concat-map@0.0.1",
                      "resolved": "https://registry.npmjs.org/concat-map/-/concat-map-0.0.1.tgz"
                    }
                  }
                }
              }
            },
            "once": {
              "version": "1.3.2",
              "from": "once@>=1.3.0 <2.0.0",
              "resolved": "https://registry.npmjs.org/once/-/once-1.3.2.tgz",
              "dependencies": {
                "wrappy": {
                  "version": "1.0.1",
                  "from": "wrappy@>=1.0.0 <2.0.0",
                  "resolved": "https://registry.npmjs.org/wrappy/-/wrappy-1.0.1.tgz"
                }
              }
            },
            "path-is-absolute": {
              "version": "1.0.0",
              "from": "path-is-absolute@>=1.0.0 <2.0.0",
              "resolved": "https://registry.npmjs.org/path-is-absolute/-/path-is-absolute-1.0.0.tgz"
            }
          }
        },
        "yargs": {
          "version": "3.16.1",
          "from": "yargs@>=3.10.0 <4.0.0",
          "resolved": "https://registry.npmjs.org/yargs/-/yargs-3.16.1.tgz",
          "dependencies": {
            "camelcase": {
              "version": "1.2.1",
              "from": "camelcase@>=1.0.2 <2.0.0",
              "resolved": "https://registry.npmjs.org/camelcase/-/camelcase-1.2.1.tgz"
            },
            "cliui": {
              "version": "2.1.0",
              "from": "cliui@>=2.1.0 <3.0.0",
              "resolved": "https://registry.npmjs.org/cliui/-/cliui-2.1.0.tgz",
              "dependencies": {
                "center-align": {
                  "version": "0.1.1",
                  "from": "center-align@>=0.1.1 <0.2.0",
                  "resolved": "https://registry.npmjs.org/center-align/-/center-align-0.1.1.tgz",
                  "dependencies": {
                    "align-text": {
                      "version": "0.1.3",
                      "from": "align-text@>=0.1.0 <0.2.0",
                      "resolved": "https://registry.npmjs.org/align-text/-/align-text-0.1.3.tgz",
                      "dependencies": {
                        "kind-of": {
                          "version": "2.0.0",
                          "from": "kind-of@>=2.0.0 <3.0.0",
                          "resolved": "https://registry.npmjs.org/kind-of/-/kind-of-2.0.0.tgz"
                        },
                        "longest": {
                          "version": "1.0.1",
                          "from": "longest@>=1.0.1 <2.0.0",
                          "resolved": "https://registry.npmjs.org/longest/-/longest-1.0.1.tgz"
                        },
                        "repeat-string": {
                          "version": "1.5.2",
                          "from": "repeat-string@>=1.5.2 <2.0.0",
                          "resolved": "https://registry.npmjs.org/repeat-string/-/repeat-string-1.5.2.tgz"
                        }
                      }
                    }
                  }
                },
                "right-align": {
                  "version": "0.1.3",
                  "from": "right-align@>=0.1.1 <0.2.0",
                  "resolved": "https://registry.npmjs.org/right-align/-/right-align-0.1.3.tgz",
                  "dependencies": {
                    "align-text": {
                      "version": "0.1.3",
                      "from": "align-text@>=0.1.0 <0.2.0",
                      "resolved": "https://registry.npmjs.org/align-text/-/align-text-0.1.3.tgz",
                      "dependencies": {
                        "kind-of": {
                          "version": "2.0.0",
                          "from": "kind-of@>=2.0.0 <3.0.0",
                          "resolved": "https://registry.npmjs.org/kind-of/-/kind-of-2.0.0.tgz"
                        },
                        "longest": {
                          "version": "1.0.1",
                          "from": "longest@>=1.0.1 <2.0.0",
                          "resolved": "https://registry.npmjs.org/longest/-/longest-1.0.1.tgz"
                        },
                        "repeat-string": {
                          "version": "1.5.2",
                          "from": "repeat-string@>=1.5.2 <2.0.0",
                          "resolved": "https://registry.npmjs.org/repeat-string/-/repeat-string-1.5.2.tgz"
                        }
                      }
                    }
                  }
                },
                "wordwrap": {
                  "version": "0.0.2",
                  "from": "wordwrap@0.0.2",
                  "resolved": "https://registry.npmjs.org/wordwrap/-/wordwrap-0.0.2.tgz"
                }
              }
            },
            "decamelize": {
              "version": "1.0.0",
              "from": "decamelize@>=1.0.0 <2.0.0",
              "resolved": "https://registry.npmjs.org/decamelize/-/decamelize-1.0.0.tgz"
            },
            "window-size": {
              "version": "0.1.2",
              "from": "window-size@>=0.1.1 <0.2.0",
              "resolved": "https://registry.npmjs.org/window-size/-/window-size-0.1.2.tgz"
            },
            "y18n": {
              "version": "3.0.0",
              "from": "y18n@>=3.0.0 <4.0.0",
              "resolved": "https://registry.npmjs.org/y18n/-/y18n-3.0.0.tgz"
            }
          }
        }
      }
    },
    "steam": {
      "version": "1.1.0",
      "from": "steam@1.1.0",
      "resolved": "https://registry.npmjs.org/steam/-/steam-1.1.0.tgz",
      "dependencies": {
        "adm-zip": {
          "version": "0.4.7",
          "from": "adm-zip@*",
          "resolved": "https://registry.npmjs.org/adm-zip/-/adm-zip-0.4.7.tgz"
        },
        "buffer-crc32": {
          "version": "0.2.5",
          "from": "buffer-crc32@*",
          "resolved": "https://registry.npmjs.org/buffer-crc32/-/buffer-crc32-0.2.5.tgz"
        },
        "bytebuffer": {
          "version": "4.0.0",
          "from": "bytebuffer@>=3.5.5",
          "resolved": "https://registry.npmjs.org/bytebuffer/-/bytebuffer-4.0.0.tgz",
          "dependencies": {
            "long": {
              "version": "2.2.5",
              "from": "long@>=2.0.0 <3.0.0 >=2.2.3",
              "resolved": "https://registry.npmjs.org/long/-/long-2.2.5.tgz"
            },
            "bufferview": {
              "version": "1.0.1",
              "from": "bufferview@>=1.0.0 <2.0.0",
              "resolved": "https://registry.npmjs.org/bufferview/-/bufferview-1.0.1.tgz"
            }
          }
        },
        "protobufjs": {
          "version": "4.0.0",
          "from": "protobufjs@>=4.0.0",
          "resolved": "https://registry.npmjs.org/protobufjs/-/protobufjs-4.0.0.tgz",
          "dependencies": {
            "ascli": {
              "version": "1.0.0",
              "from": "ascli@>=1.0.0 <2.0.0",
              "resolved": "https://registry.npmjs.org/ascli/-/ascli-1.0.0.tgz",
              "dependencies": {
                "colour": {
                  "version": "0.7.1",
                  "from": "colour@latest",
                  "resolved": "https://registry.npmjs.org/colour/-/colour-0.7.1.tgz"
                },
                "optjs": {
                  "version": "3.2.1-boom",
                  "from": "optjs@latest",
                  "resolved": "https://registry.npmjs.org/optjs/-/optjs-3.2.1-boom.tgz"
                }
              }
            },
            "glob": {
              "version": "5.0.14",
              "from": "glob@>=5.0.10 <6.0.0",
              "resolved": "https://registry.npmjs.org/glob/-/glob-5.0.14.tgz",
              "dependencies": {
                "inflight": {
                  "version": "1.0.4",
                  "from": "inflight@>=1.0.4 <2.0.0",
                  "resolved": "https://registry.npmjs.org/inflight/-/inflight-1.0.4.tgz",
                  "dependencies": {
                    "wrappy": {
                      "version": "1.0.1",
                      "from": "wrappy@>=1.0.0 <2.0.0",
                      "resolved": "https://registry.npmjs.org/wrappy/-/wrappy-1.0.1.tgz"
                    }
                  }
                },
                "inherits": {
                  "version": "2.0.1",
                  "from": "inherits@>=2.0.0 <3.0.0",
                  "resolved": "https://registry.npmjs.org/inherits/-/inherits-2.0.1.tgz"
                },
                "minimatch": {
                  "version": "2.0.10",
                  "from": "minimatch@>=2.0.1 <3.0.0",
                  "resolved": "https://registry.npmjs.org/minimatch/-/minimatch-2.0.10.tgz",
                  "dependencies": {
                    "brace-expansion": {
                      "version": "1.1.0",
                      "from": "brace-expansion@>=1.0.0 <2.0.0",
                      "resolved": "https://registry.npmjs.org/brace-expansion/-/brace-expansion-1.1.0.tgz",
                      "dependencies": {
                        "balanced-match": {
                          "version": "0.2.0",
                          "from": "balanced-match@>=0.2.0 <0.3.0",
                          "resolved": "https://registry.npmjs.org/balanced-match/-/balanced-match-0.2.0.tgz"
                        },
                        "concat-map": {
                          "version": "0.0.1",
                          "from": "concat-map@0.0.1",
                          "resolved": "https://registry.npmjs.org/concat-map/-/concat-map-0.0.1.tgz"
                        }
                      }
                    }
                  }
                },
                "once": {
                  "version": "1.3.2",
                  "from": "once@>=1.3.0 <2.0.0",
                  "resolved": "https://registry.npmjs.org/once/-/once-1.3.2.tgz",
                  "dependencies": {
                    "wrappy": {
                      "version": "1.0.1",
                      "from": "wrappy@>=1.0.0 <2.0.0",
                      "resolved": "https://registry.npmjs.org/wrappy/-/wrappy-1.0.1.tgz"
                    }
                  }
                },
                "path-is-absolute": {
                  "version": "1.0.0",
                  "from": "path-is-absolute@>=1.0.0 <2.0.0",
                  "resolved": "https://registry.npmjs.org/path-is-absolute/-/path-is-absolute-1.0.0.tgz"
                }
              }
            },
            "yargs": {
              "version": "3.16.1",
              "from": "yargs@>=3.10.0 <4.0.0",
              "resolved": "https://registry.npmjs.org/yargs/-/yargs-3.16.1.tgz",
              "dependencies": {
                "camelcase": {
                  "version": "1.2.1",
                  "from": "camelcase@>=1.0.2 <2.0.0",
                  "resolved": "https://registry.npmjs.org/camelcase/-/camelcase-1.2.1.tgz"
                },
                "cliui": {
                  "version": "2.1.0",
                  "from": "cliui@>=2.1.0 <3.0.0",
                  "resolved": "https://registry.npmjs.org/cliui/-/cliui-2.1.0.tgz",
                  "dependencies": {
                    "center-align": {
                      "version": "0.1.1",
                      "from": "center-align@>=0.1.1 <0.2.0",
                      "resolved": "https://registry.npmjs.org/center-align/-/center-align-0.1.1.tgz",
                      "dependencies": {
                        "align-text": {
                          "version": "0.1.3",
                          "from": "align-text@>=0.1.0 <0.2.0",
                          "resolved": "https://registry.npmjs.org/align-text/-/align-text-0.1.3.tgz",
                          "dependencies": {
                            "kind-of": {
                              "version": "2.0.0",
                              "from": "kind-of@>=2.0.0 <3.0.0",
                              "resolved": "https://registry.npmjs.org/kind-of/-/kind-of-2.0.0.tgz"
                            },
                            "longest": {
                              "version": "1.0.1",
                              "from": "longest@>=1.0.1 <2.0.0",
                              "resolved": "https://registry.npmjs.org/longest/-/longest-1.0.1.tgz"
                            },
                            "repeat-string": {
                              "version": "1.5.2",
                              "from": "repeat-string@>=1.5.2 <2.0.0",
                              "resolved": "https://registry.npmjs.org/repeat-string/-/repeat-string-1.5.2.tgz"
                            }
                          }
                        }
                      }
                    },
                    "right-align": {
                      "version": "0.1.3",
                      "from": "right-align@>=0.1.1 <0.2.0",
                      "resolved": "https://registry.npmjs.org/right-align/-/right-align-0.1.3.tgz",
                      "dependencies": {
                        "align-text": {
                          "version": "0.1.3",
                          "from": "align-text@>=0.1.0 <0.2.0",
                          "resolved": "https://registry.npmjs.org/align-text/-/align-text-0.1.3.tgz",
                          "dependencies": {
                            "kind-of": {
                              "version": "2.0.0",
                              "from": "kind-of@>=2.0.0 <3.0.0",
                              "resolved": "https://registry.npmjs.org/kind-of/-/kind-of-2.0.0.tgz"
                            },
                            "longest": {
                              "version": "1.0.1",
                              "from": "longest@>=1.0.1 <2.0.0",
                              "resolved": "https://registry.npmjs.org/longest/-/longest-1.0.1.tgz"
                            },
                            "repeat-string": {
                              "version": "1.5.2",
                              "from": "repeat-string@>=1.5.2 <2.0.0",
                              "resolved": "https://registry.npmjs.org/repeat-string/-/repeat-string-1.5.2.tgz"
                            }
                          }
                        }
                      }
                    },
                    "wordwrap": {
                      "version": "0.0.2",
                      "from": "wordwrap@0.0.2",
                      "resolved": "https://registry.npmjs.org/wordwrap/-/wordwrap-0.0.2.tgz"
                    }
                  }
                },
                "decamelize": {
                  "version": "1.0.0",
                  "from": "decamelize@>=1.0.0 <2.0.0",
                  "resolved": "https://registry.npmjs.org/decamelize/-/decamelize-1.0.0.tgz"
                },
                "window-size": {
                  "version": "0.1.2",
                  "from": "window-size@>=0.1.1 <0.2.0",
                  "resolved": "https://registry.npmjs.org/window-size/-/window-size-0.1.2.tgz"
                },
                "y18n": {
                  "version": "3.0.0",
                  "from": "y18n@>=3.0.0 <4.0.0",
                  "resolved": "https://registry.npmjs.org/y18n/-/y18n-3.0.0.tgz"
                }
              }
            }
          }
        },
        "steam-crypto": {
          "version": "0.0.1",
          "from": "steam-crypto@*",
          "resolved": "https://registry.npmjs.org/steam-crypto/-/steam-crypto-0.0.1.tgz"
        }
      }
    }
  }
}
